lockfileVersion: '9.0'

settings:
  autoInstallPeers: true
  excludeLinksFromLockfile: false

importers:

  .:
    dependencies:
      open-props:
        specifier: ^1.7.23
        version: 1.7.23
    devDependencies:
      '@phosphor-icons/core':
        specifier: ^2.1.1
        version: 2.1.1

packages:

  '@phosphor-icons/core@2.1.1':
    resolution: {integrity: sha512-v4ARvrip4qBCImOE5rmPUylOEK4iiED9ZyKjcvzuezqMaiRASCHKcRIuvvxL/twvLpkfnEODCOJp5dM4eZilxQ==}

  open-props@1.7.23:
    resolution: {integrity: sha512-+xyrJmxV9QUBFbSwPROYhOg/FLXry+uuPr4R+B5EaE4556Oc18/8ZC/fL5A+/lbRSwNvA0Alh+C0KpyFWLmLZg==}

snapshots:

  '@phosphor-icons/core@2.1.1': {}

  open-props@1.7.23: {}
